
Microsoft Visual Studio Solution File, Format Version 12.00
# Visual Studio Version 17
VisualStudioVersion = 17.4.33205.214
MinimumVisualStudioVersion = 10.0.40219.1
Project("{9A19103F-16F7-4668-BE54-9A1E7A4F7556}") = "Assignment2_CurdOperation", "Assignment2_CurdOperation\Assignment2_CurdOperation.csproj", "{B9741621-4BF7-47B3-B9FC-A75A3233C32A}"
EndProject
Project("{FAE04EC0-301F-11D3-BF4B-00C04F79EFBC}") = "Assignment2_FrontEnd", "Assignment2_FrontEnd\Assignment2_FrontEnd.csproj", "{4E512D72-36F9-46C5-809F-7BC383ECE265}"
EndProject
Global
	GlobalSection(SolutionConfigurationPlatforms) = preSolution
		Debug|Any CPU = Debug|Any CPU
		Release|Any CPU = Release|Any CPU
	EndGlobalSection
	GlobalSection(ProjectConfigurationPlatforms) = postSolution
		{B9741621-4BF7-47B3-B9FC-A75A3233C32A}.Debug|Any CPU.ActiveCfg = Debug|Any CPU
		{B9741621-4BF7-47B3-B9FC-A75A3233C32A}.Debug|Any CPU.Build.0 = Debug|Any CPU
		{B9741621-4BF7-47B3-B9FC-A75A3233C32A}.Release|Any CPU.ActiveCfg = Release|Any CPU
		{B9741621-4BF7-47B3-B9FC-A75A3233C32A}.Release|Any CPU.Build.0 = Release|Any CPU
		{4E512D72-36F9-46C5-809F-7BC383ECE265}.Debug|Any CPU.ActiveCfg = Debug|Any CPU
		{4E512D72-36F9-46C5-809F-7BC383ECE265}.Debug|Any CPU.Build.0 = Debug|Any CPU
		{4E512D72-36F9-46C5-809F-7BC383ECE265}.Release|Any CPU.ActiveCfg = Release|Any CPU
		{4E512D72-36F9-46C5-809F-7BC383ECE265}.Release|Any CPU.Build.0 = Release|Any CPU
	EndGlobalSection
	GlobalSection(SolutionProperties) = preSolution
		HideSolutionNode = FALSE
	EndGlobalSection
	GlobalSection(ExtensibilityGlobals) = postSolution
		SolutionGuid = {8379DC47-6757-4671-80A6-CFC2994095CA}
	EndGlobalSection
EndGlobal
